
Microsoft Visual Studio Solution File, Format Version 12.00
# Visual Studio 15
VisualStudioVersion = 15.0.26228.9
MinimumVisualStudioVersion = 10.0.40219.1
Project("{FAE04EC0-301F-11D3-BF4B-00C04F79EFBC}") = "ConsoleAppK", "ConsoleAppK\ConsoleAppK.csproj", "{0DCC3798-FC5B-490B-84E1-198DA96DBCDD}"
EndProject
Project("{FAE04EC0-301F-11D3-BF4B-00C04F79EFBC}") = "ConsoleAppK.Tests", "ConsoleAppK.Tests\ConsoleAppK.Tests.csproj", "{CC6D3D59-4401-4C54-A0E6-47034E56483A}"
EndProject
Global
	GlobalSection(SolutionConfigurationPlatforms) = preSolution
		Debug|Any CPU = Debug|Any CPU
		Release|Any CPU = Release|Any CPU
	EndGlobalSection
	GlobalSection(ProjectConfigurationPlatforms) = postSolution
		{0DCC3798-FC5B-490B-84E1-198DA96DBCDD}.Debug|Any CPU.ActiveCfg = Debug|Any CPU
		{0DCC3798-FC5B-490B-84E1-198DA96DBCDD}.Debug|Any CPU.Build.0 = Debug|Any CPU
		{0DCC3798-FC5B-490B-84E1-198DA96DBCDD}.Release|Any CPU.ActiveCfg = Release|Any CPU
		{0DCC3798-FC5B-490B-84E1-198DA96DBCDD}.Release|Any CPU.Build.0 = Release|Any CPU
		{CC6D3D59-4401-4C54-A0E6-47034E56483A}.Debug|Any CPU.ActiveCfg = Debug|Any CPU
		{CC6D3D59-4401-4C54-A0E6-47034E56483A}.Debug|Any CPU.Build.0 = Debug|Any CPU
		{CC6D3D59-4401-4C54-A0E6-47034E56483A}.Release|Any CPU.ActiveCfg = Release|Any CPU
		{CC6D3D59-4401-4C54-A0E6-47034E56483A}.Release|Any CPU.Build.0 = Release|Any CPU
	EndGlobalSection
	GlobalSection(SolutionProperties) = preSolution
		HideSolutionNode = FALSE
	EndGlobalSection
EndGlobal
